
Microsoft Visual Studio Solution File, Format Version 12.00
# Visual Studio Version 17
VisualStudioVersion = 17.12.35707.178
MinimumVisualStudioVersion = 10.0.40219.1
Project("{FAE04EC0-301F-11D3-BF4B-00C04F79EFBC}") = "MoviesApiSample.Models", "MoviesApiSample.Models\MoviesApiSample.Models.csproj", "{CDCF7AE5-A67C-4525-AAFB-79B48DB17FC2}"
EndProject
Project("{FAE04EC0-301F-11D3-BF4B-00C04F79EFBC}") = "MoviesApiSample.API", "MoviesApiSample.API\MoviesApiSample.API.csproj", "{37DF1E84-C7B8-4F64-9C2E-423936920B22}"
EndProject
Project("{FAE04EC0-301F-11D3-BF4B-00C04F79EFBC}") = "MoviesApiSample.DAL", "MoviesApiSample.DAL\MoviesApiSample.DAL.csproj", "{9C836DB4-F5AD-4D50-ACDA-711BA4555403}"
EndProject
Global
	GlobalSection(SolutionConfigurationPlatforms) = preSolution
		Debug|Any CPU = Debug|Any CPU
		Release|Any CPU = Release|Any CPU
	EndGlobalSection
	GlobalSection(ProjectConfigurationPlatforms) = postSolution
		{CDCF7AE5-A67C-4525-AAFB-79B48DB17FC2}.Debug|Any CPU.ActiveCfg = Debug|Any CPU
		{CDCF7AE5-A67C-4525-AAFB-79B48DB17FC2}.Debug|Any CPU.Build.0 = Debug|Any CPU
		{CDCF7AE5-A67C-4525-AAFB-79B48DB17FC2}.Release|Any CPU.ActiveCfg = Release|Any CPU
		{CDCF7AE5-A67C-4525-AAFB-79B48DB17FC2}.Release|Any CPU.Build.0 = Release|Any CPU
		{37DF1E84-C7B8-4F64-9C2E-423936920B22}.Debug|Any CPU.ActiveCfg = Debug|Any CPU
		{37DF1E84-C7B8-4F64-9C2E-423936920B22}.Debug|Any CPU.Build.0 = Debug|Any CPU
		{37DF1E84-C7B8-4F64-9C2E-423936920B22}.Release|Any CPU.ActiveCfg = Release|Any CPU
		{37DF1E84-C7B8-4F64-9C2E-423936920B22}.Release|Any CPU.Build.0 = Release|Any CPU
		{9C836DB4-F5AD-4D50-ACDA-711BA4555403}.Debug|Any CPU.ActiveCfg = Debug|Any CPU
		{9C836DB4-F5AD-4D50-ACDA-711BA4555403}.Debug|Any CPU.Build.0 = Debug|Any CPU
		{9C836DB4-F5AD-4D50-ACDA-711BA4555403}.Release|Any CPU.ActiveCfg = Release|Any CPU
		{9C836DB4-F5AD-4D50-ACDA-711BA4555403}.Release|Any CPU.Build.0 = Release|Any CPU
	EndGlobalSection
	GlobalSection(SolutionProperties) = preSolution
		HideSolutionNode = FALSE
	EndGlobalSection
	GlobalSection(ExtensibilityGlobals) = postSolution
		SolutionGuid = {E592D392-9226-4860-97C9-25A63849E787}
	EndGlobalSection
EndGlobal
